// !$*UTF8*$!
{
	archiveVersion = 1;
	classes = {
	};
	objectVersion = 46;
	objects = {

/* Begin PBXBuildFile section */
		A8154AB81B2A594B001B3024 /* YODonutChartImage.h in Headers */ = {isa = PBXBuildFile; fileRef = A8C0FF6E1B29831E00BA4E81 /* YODonutChartImage.h */; settings = {ATTRIBUTES = (Public, ); }; };
		A8154AB91B2A594B001B3024 /* YODonutChartImage.m in Sources */ = {isa = PBXBuildFile; fileRef = A8C0FF6F1B29831E00BA4E81 /* YODonutChartImage.m */; };
		A8154ABA1B2A594B001B3024 /* YOBarChartImage.h in Headers */ = {isa = PBXBuildFile; fileRef = A8C0FF731B29888E00BA4E81 /* YOBarChartImage.h */; settings = {ATTRIBUTES = (Public, ); }; };
		A8154ABB1B2A594B001B3024 /* YOBarChartImage.m in Sources */ = {isa = PBXBuildFile; fileRef = A8C0FF741B29888E00BA4E81 /* YOBarChartImage.m */; };
		A8154ABC1B2A594B001B3024 /* YOLineChartImage.h in Headers */ = {isa = PBXBuildFile; fileRef = A8C0FF781B29A02C00BA4E81 /* YOLineChartImage.h */; settings = {ATTRIBUTES = (Public, ); }; };
		A8154ABD1B2A594B001B3024 /* YOLineChartImage.m in Sources */ = {isa = PBXBuildFile; fileRef = A8C0FF791B29A02C00BA4E81 /* YOLineChartImage.m */; };
		A81AB5701B2B074000FE8B93 /* Interface.storyboard in Resources */ = {isa = PBXBuildFile; fileRef = A81AB56E1B2B074000FE8B93 /* Interface.storyboard */; };
		A81AB5721B2B074000FE8B93 /* Assets.xcassets in Resources */ = {isa = PBXBuildFile; fileRef = A81AB5711B2B074000FE8B93 /* Assets.xcassets */; };
		A81AB5791B2B074100FE8B93 /* YOChartImageKit Demo.appex in Embed App Extensions */ = {isa = PBXBuildFile; fileRef = A81AB5781B2B074100FE8B93 /* YOChartImageKit Demo.appex */; settings = {ATTRIBUTES = (RemoveHeadersOnCopy, ); }; };
		A81AB57E1B2B074100FE8B93 /* BaseInterfaceController.swift in Sources */ = {isa = PBXBuildFile; fileRef = A81AB57D1B2B074100FE8B93 /* BaseInterfaceController.swift */; };
		A81AB5801B2B074100FE8B93 /* ExtensionDelegate.swift in Sources */ = {isa = PBXBuildFile; fileRef = A81AB57F1B2B074100FE8B93 /* ExtensionDelegate.swift */; };
		A81AB5821B2B074100FE8B93 /* Assets.xcassets in Resources */ = {isa = PBXBuildFile; fileRef = A81AB5811B2B074100FE8B93 /* Assets.xcassets */; };
		A81AB5861B2B074100FE8B93 /* YOChartImageKit Demo.app in Embed Watch Content */ = {isa = PBXBuildFile; fileRef = A81AB56C1B2B074000FE8B93 /* YOChartImageKit Demo.app */; };
		A836D41A1BB244ED00169EC7 /* YOChartImageKit.h in Headers */ = {isa = PBXBuildFile; fileRef = A851576B1B99CF0600CA58EF /* YOChartImageKit.h */; settings = {ATTRIBUTES = (Public, ); }; };
		A851576C1B99CF0600CA58EF /* YOChartImageKit.h in Headers */ = {isa = PBXBuildFile; fileRef = A851576B1B99CF0600CA58EF /* YOChartImageKit.h */; settings = {ATTRIBUTES = (Public, ); }; };
		A86251441B4532C60036BC13 /* YOChart.swift in Sources */ = {isa = PBXBuildFile; fileRef = A86251431B4532C60036BC13 /* YOChart.swift */; };
		A86251451B4532C60036BC13 /* YOChart.swift in Sources */ = {isa = PBXBuildFile; fileRef = A86251431B4532C60036BC13 /* YOChart.swift */; };
		A86251471B4534400036BC13 /* SmoothLineChartInterfaceController.swift in Sources */ = {isa = PBXBuildFile; fileRef = A86251461B4534400036BC13 /* SmoothLineChartInterfaceController.swift */; };
		A872CC201B328A750086554F /* SolidLineChartInterfaceController.swift in Sources */ = {isa = PBXBuildFile; fileRef = A872CC1F1B328A750086554F /* SolidLineChartInterfaceController.swift */; };
		A872CC221B328A900086554F /* VerticalBarChartInterfaceController.swift in Sources */ = {isa = PBXBuildFile; fileRef = A872CC211B328A900086554F /* VerticalBarChartInterfaceController.swift */; };
		A872CC241B328A9F0086554F /* DonutChartInterfaceController.swift in Sources */ = {isa = PBXBuildFile; fileRef = A872CC231B328A9F0086554F /* DonutChartInterfaceController.swift */; };
		A872CC261B328EFA0086554F /* ChartImageViewController.swift in Sources */ = {isa = PBXBuildFile; fileRef = A872CC251B328EFA0086554F /* ChartImageViewController.swift */; };
		A8B509661B688E6700F596ED /* HorizontalBarChartInterfaceController.swift in Sources */ = {isa = PBXBuildFile; fileRef = A8B509651B688E6700F596ED /* HorizontalBarChartInterfaceController.swift */; };
		A8C876B01B2AAA5F0092E5FF /* YODonutChartImage.h in Headers */ = {isa = PBXBuildFile; fileRef = A8C0FF6E1B29831E00BA4E81 /* YODonutChartImage.h */; settings = {ATTRIBUTES = (Public, ); }; };
		A8C876B11B2AAA5F0092E5FF /* YODonutChartImage.m in Sources */ = {isa = PBXBuildFile; fileRef = A8C0FF6F1B29831E00BA4E81 /* YODonutChartImage.m */; };
		A8C876B21B2AAA5F0092E5FF /* YOBarChartImage.h in Headers */ = {isa = PBXBuildFile; fileRef = A8C0FF731B29888E00BA4E81 /* YOBarChartImage.h */; settings = {ATTRIBUTES = (Public, ); }; };
		A8C876B31B2AAA5F0092E5FF /* YOBarChartImage.m in Sources */ = {isa = PBXBuildFile; fileRef = A8C0FF741B29888E00BA4E81 /* YOBarChartImage.m */; };
		A8C876B41B2AAA5F0092E5FF /* YOLineChartImage.h in Headers */ = {isa = PBXBuildFile; fileRef = A8C0FF781B29A02C00BA4E81 /* YOLineChartImage.h */; settings = {ATTRIBUTES = (Public, ); }; };
		A8C876B51B2AAA5F0092E5FF /* YOLineChartImage.m in Sources */ = {isa = PBXBuildFile; fileRef = A8C0FF791B29A02C00BA4E81 /* YOLineChartImage.m */; };
		A8C876BB1B2AAA930092E5FF /* YOChartImageKit.framework in Frameworks */ = {isa = PBXBuildFile; fileRef = A8C876931B2AAA050092E5FF /* YOChartImageKit.framework */; };
		A8C876BC1B2AAA930092E5FF /* YOChartImageKit.framework in Embed Frameworks */ = {isa = PBXBuildFile; fileRef = A8C876931B2AAA050092E5FF /* YOChartImageKit.framework */; settings = {ATTRIBUTES = (CodeSignOnCopy, RemoveHeadersOnCopy, ); }; };
		A8D2BA3F1B32B2F700BE1175 /* YOChartImageKit.framework in Frameworks */ = {isa = PBXBuildFile; fileRef = A8154AB01B2A5917001B3024 /* YOChartImageKit.framework */; };
		A8D2BA401B32B2F700BE1175 /* YOChartImageKit.framework in Embed Frameworks */ = {isa = PBXBuildFile; fileRef = A8154AB01B2A5917001B3024 /* YOChartImageKit.framework */; settings = {ATTRIBUTES = (CodeSignOnCopy, RemoveHeadersOnCopy, ); }; };
		A8D9D6201B28703400E4BCEC /* AppDelegate.swift in Sources */ = {isa = PBXBuildFile; fileRef = A8D9D61F1B28703400E4BCEC /* AppDelegate.swift */; };
		A8D9D6221B28703400E4BCEC /* ViewController.swift in Sources */ = {isa = PBXBuildFile; fileRef = A8D9D6211B28703400E4BCEC /* ViewController.swift */; };
		A8D9D6251B28703400E4BCEC /* Main.storyboard in Resources */ = {isa = PBXBuildFile; fileRef = A8D9D6231B28703400E4BCEC /* Main.storyboard */; };
		A8D9D6271B28703400E4BCEC /* Assets.xcassets in Resources */ = {isa = PBXBuildFile; fileRef = A8D9D6261B28703400E4BCEC /* Assets.xcassets */; };
		A8D9D62A1B28703400E4BCEC /* LaunchScreen.storyboard in Resources */ = {isa = PBXBuildFile; fileRef = A8D9D6281B28703400E4BCEC /* LaunchScreen.storyboard */; };
/* End PBXBuildFile section */

/* Begin PBXContainerItemProxy section */
		A81AB57A1B2B074100FE8B93 /* PBXContainerItemProxy */ = {
			isa = PBXContainerItemProxy;
			containerPortal = A8D9D6141B28703300E4BCEC /* Project object */;
			proxyType = 1;
			remoteGlobalIDString = A81AB5771B2B074100FE8B93;
			remoteInfo = "YOGraphImageKit Demo App (watchOS) Extension";
		};
		A81AB5841B2B074100FE8B93 /* PBXContainerItemProxy */ = {
			isa = PBXContainerItemProxy;
			containerPortal = A8D9D6141B28703300E4BCEC /* Project object */;
			proxyType = 1;
			remoteGlobalIDString = A81AB56B1B2B074000FE8B93;
			remoteInfo = "YOGraphImageKit Demo App (watchOS)";
		};
		A8C876BD1B2AAA930092E5FF /* PBXContainerItemProxy */ = {
			isa = PBXContainerItemProxy;
			containerPortal = A8D9D6141B28703300E4BCEC /* Project object */;
			proxyType = 1;
			remoteGlobalIDString = A8C876921B2AAA050092E5FF;
			remoteInfo = "YOGraphImageKit (iOS)";
		};
		A8D2BA411B32B2F700BE1175 /* PBXContainerItemProxy */ = {
			isa = PBXContainerItemProxy;
			containerPortal = A8D9D6141B28703300E4BCEC /* Project object */;
			proxyType = 1;
			remoteGlobalIDString = A8154AAF1B2A5917001B3024;
			remoteInfo = "YOChartImageKit (watchOS)";
		};
/* End PBXContainerItemProxy section */

/* Begin PBXCopyFilesBuildPhase section */
		A81AB58A1B2B074100FE8B93 /* Embed App Extensions */ = {
			isa = PBXCopyFilesBuildPhase;
			buildActionMask = 2147483647;
			dstPath = "";
			dstSubfolderSpec = 13;
			files = (
				A81AB5791B2B074100FE8B93 /* YOChartImageKit Demo.appex in Embed App Extensions */,
			);
			name = "Embed App Extensions";
			runOnlyForDeploymentPostprocessing = 0;
		};
		A8C0FFB61B29B34300BA4E81 /* Embed Watch Content */ = {
			isa = PBXCopyFilesBuildPhase;
			buildActionMask = 2147483647;
			dstPath = "$(CONTENTS_FOLDER_PATH)/Watch";
			dstSubfolderSpec = 16;
			files = (
				A81AB5861B2B074100FE8B93 /* YOChartImageKit Demo.app in Embed Watch Content */,
			);
			name = "Embed Watch Content";
			runOnlyForDeploymentPostprocessing = 0;
		};
		A8C876BF1B2AAA930092E5FF /* Embed Frameworks */ = {
			isa = PBXCopyFilesBuildPhase;
			buildActionMask = 2147483647;
			dstPath = "";
			dstSubfolderSpec = 10;
			files = (
				A8C876BC1B2AAA930092E5FF /* YOChartImageKit.framework in Embed Frameworks */,
			);
			name = "Embed Frameworks";
			runOnlyForDeploymentPostprocessing = 0;
		};
		A8D2BA431B32B2F700BE1175 /* Embed Frameworks */ = {
			isa = PBXCopyFilesBuildPhase;
			buildActionMask = 2147483647;
			dstPath = "";
			dstSubfolderSpec = 10;
			files = (
				A8D2BA401B32B2F700BE1175 /* YOChartImageKit.framework in Embed Frameworks */,
			);
			name = "Embed Frameworks";
			runOnlyForDeploymentPostprocessing = 0;
		};
/* End PBXCopyFilesBuildPhase section */

/* Begin PBXFileReference section */
		A8154AB01B2A5917001B3024 /* YOChartImageKit.framework */ = {isa = PBXFileReference; explicitFileType = wrapper.framework; includeInIndex = 0; path = YOChartImageKit.framework; sourceTree = BUILT_PRODUCTS_DIR; };
		A81AB56C1B2B074000FE8B93 /* YOChartImageKit Demo.app */ = {isa = PBXFileReference; explicitFileType = wrapper.application; includeInIndex = 0; path = "YOChartImageKit Demo.app"; sourceTree = BUILT_PRODUCTS_DIR; };
		A81AB56F1B2B074000FE8B93 /* Base */ = {isa = PBXFileReference; lastKnownFileType = file.storyboard; name = Base; path = Base.lproj/Interface.storyboard; sourceTree = "<group>"; };
		A81AB5711B2B074000FE8B93 /* Assets.xcassets */ = {isa = PBXFileReference; lastKnownFileType = folder.assetcatalog; path = Assets.xcassets; sourceTree = "<group>"; };
		A81AB5731B2B074000FE8B93 /* Info.plist */ = {isa = PBXFileReference; lastKnownFileType = text.plist.xml; path = Info.plist; sourceTree = "<group>"; };
		A81AB5781B2B074100FE8B93 /* YOChartImageKit Demo.appex */ = {isa = PBXFileReference; explicitFileType = "wrapper.app-extension"; includeInIndex = 0; path = "YOChartImageKit Demo.appex"; sourceTree = BUILT_PRODUCTS_DIR; };
		A81AB57D1B2B074100FE8B93 /* BaseInterfaceController.swift */ = {isa = PBXFileReference; lastKnownFileType = sourcecode.swift; path = BaseInterfaceController.swift; sourceTree = "<group>"; };
		A81AB57F1B2B074100FE8B93 /* ExtensionDelegate.swift */ = {isa = PBXFileReference; lastKnownFileType = sourcecode.swift; path = ExtensionDelegate.swift; sourceTree = "<group>"; };
		A81AB5811B2B074100FE8B93 /* Assets.xcassets */ = {isa = PBXFileReference; lastKnownFileType = folder.assetcatalog; path = Assets.xcassets; sourceTree = "<group>"; };
		A81AB5831B2B074100FE8B93 /* Info.plist */ = {isa = PBXFileReference; lastKnownFileType = text.plist.xml; path = Info.plist; sourceTree = "<group>"; };
		A851576B1B99CF0600CA58EF /* YOChartImageKit.h */ = {isa = PBXFileReference; fileEncoding = 4; lastKnownFileType = sourcecode.c.h; name = YOChartImageKit.h; path = Source/YOChartImageKit/YOChartImageKit.h; sourceTree = SOURCE_ROOT; };
		A86251431B4532C60036BC13 /* YOChart.swift */ = {isa = PBXFileReference; fileEncoding = 4; lastKnownFileType = sourcecode.swift; name = YOChart.swift; path = "Example/YOGraphImageKit Demo App (Common)/YOChart.swift"; sourceTree = "<group>"; };
		A86251461B4534400036BC13 /* SmoothLineChartInterfaceController.swift */ = {isa = PBXFileReference; fileEncoding = 4; lastKnownFileType = sourcecode.swift; path = SmoothLineChartInterfaceController.swift; sourceTree = "<group>"; };
		A872CC1F1B328A750086554F /* SolidLineChartInterfaceController.swift */ = {isa = PBXFileReference; fileEncoding = 4; lastKnownFileType = sourcecode.swift; path = SolidLineChartInterfaceController.swift; sourceTree = "<group>"; };
		A872CC211B328A900086554F /* VerticalBarChartInterfaceController.swift */ = {isa = PBXFileReference; fileEncoding = 4; lastKnownFileType = sourcecode.swift; path = VerticalBarChartInterfaceController.swift; sourceTree = "<group>"; };
		A872CC231B328A9F0086554F /* DonutChartInterfaceController.swift */ = {isa = PBXFileReference; fileEncoding = 4; lastKnownFileType = sourcecode.swift; path = DonutChartInterfaceController.swift; sourceTree = "<group>"; };
		A872CC251B328EFA0086554F /* ChartImageViewController.swift */ = {isa = PBXFileReference; fileEncoding = 4; lastKnownFileType = sourcecode.swift; path = ChartImageViewController.swift; sourceTree = "<group>"; };
		A8B509651B688E6700F596ED /* HorizontalBarChartInterfaceController.swift */ = {isa = PBXFileReference; fileEncoding = 4; lastKnownFileType = sourcecode.swift; path = HorizontalBarChartInterfaceController.swift; sourceTree = "<group>"; };
		A8BEFF731B95AA6D0024C476 /* Info.plist */ = {isa = PBXFileReference; lastKnownFileType = text.plist.xml; name = Info.plist; path = "Source/YOChartImageKit (iOS)/Info.plist"; sourceTree = SOURCE_ROOT; };
		A8BEFF741B95AA750024C476 /* Info.plist */ = {isa = PBXFileReference; lastKnownFileType = text.plist.xml; name = Info.plist; path = "Source/YOChartImageKit (watchOS)/Info.plist"; sourceTree = SOURCE_ROOT; };
		A8C0FF6E1B29831E00BA4E81 /* YODonutChartImage.h */ = {isa = PBXFileReference; fileEncoding = 4; lastKnownFileType = sourcecode.c.h; path = YODonutChartImage.h; sourceTree = "<group>"; };
		A8C0FF6F1B29831E00BA4E81 /* YODonutChartImage.m */ = {isa = PBXFileReference; fileEncoding = 4; lastKnownFileType = sourcecode.c.objc; path = YODonutChartImage.m; sourceTree = "<group>"; };
		A8C0FF731B29888E00BA4E81 /* YOBarChartImage.h */ = {isa = PBXFileReference; fileEncoding = 4; lastKnownFileType = sourcecode.c.h; path = YOBarChartImage.h; sourceTree = "<group>"; };
		A8C0FF741B29888E00BA4E81 /* YOBarChartImage.m */ = {isa = PBXFileReference; fileEncoding = 4; lastKnownFileType = sourcecode.c.objc; path = YOBarChartImage.m; sourceTree = "<group>"; };
		A8C0FF781B29A02C00BA4E81 /* YOLineChartImage.h */ = {isa = PBXFileReference; fileEncoding = 4; lastKnownFileType = sourcecode.c.h; path = YOLineChartImage.h; sourceTree = "<group>"; };
		A8C0FF791B29A02C00BA4E81 /* YOLineChartImage.m */ = {isa = PBXFileReference; fileEncoding = 4; lastKnownFileType = sourcecode.c.objc; path = YOLineChartImage.m; sourceTree = "<group>"; };
		A8C876931B2AAA050092E5FF /* YOChartImageKit.framework */ = {isa = PBXFileReference; explicitFileType = wrapper.framework; includeInIndex = 0; path = YOChartImageKit.framework; sourceTree = BUILT_PRODUCTS_DIR; };
		A8D9D61C1B28703400E4BCEC /* YOChartImageKit Demo.app */ = {isa = PBXFileReference; explicitFileType = wrapper.application; includeInIndex = 0; path = "YOChartImageKit Demo.app"; sourceTree = BUILT_PRODUCTS_DIR; };
		A8D9D61F1B28703400E4BCEC /* AppDelegate.swift */ = {isa = PBXFileReference; lastKnownFileType = sourcecode.swift; path = AppDelegate.swift; sourceTree = "<group>"; };
		A8D9D6211B28703400E4BCEC /* ViewController.swift */ = {isa = PBXFileReference; lastKnownFileType = sourcecode.swift; path = ViewController.swift; sourceTree = "<group>"; };
		A8D9D6241B28703400E4BCEC /* Base */ = {isa = PBXFileReference; lastKnownFileType = file.storyboard; name = Base; path = Base.lproj/Main.storyboard; sourceTree = "<group>"; };
		A8D9D6261B28703400E4BCEC /* Assets.xcassets */ = {isa = PBXFileReference; lastKnownFileType = folder.assetcatalog; path = Assets.xcassets; sourceTree = "<group>"; };
		A8D9D6291B28703400E4BCEC /* Base */ = {isa = PBXFileReference; lastKnownFileType = file.storyboard; name = Base; path = Base.lproj/LaunchScreen.storyboard; sourceTree = "<group>"; };
		A8D9D62B1B28703400E4BCEC /* Info.plist */ = {isa = PBXFileReference; lastKnownFileType = text.plist.xml; path = Info.plist; sourceTree = "<group>"; };
/* End PBXFileReference section */

/* Begin PBXFrameworksBuildPhase section */
		A8154AAC1B2A5917001B3024 /* Frameworks */ = {
			isa = PBXFrameworksBuildPhase;
			buildActionMask = 2147483647;
			files = (
			);
			runOnlyForDeploymentPostprocessing = 0;
		};
		A81AB5751B2B074100FE8B93 /* Frameworks */ = {
			isa = PBXFrameworksBuildPhase;
			buildActionMask = 2147483647;
			files = (
				A8D2BA3F1B32B2F700BE1175 /* YOChartImageKit.framework in Frameworks */,
			);
			runOnlyForDeploymentPostprocessing = 0;
		};
		A8C8768F1B2AAA050092E5FF /* Frameworks */ = {
			isa = PBXFrameworksBuildPhase;
			buildActionMask = 2147483647;
			files = (
			);
			runOnlyForDeploymentPostprocessing = 0;
		};
		A8D9D6191B28703400E4BCEC /* Frameworks */ = {
			isa = PBXFrameworksBuildPhase;
			buildActionMask = 2147483647;
			files = (
				A8C876BB1B2AAA930092E5FF /* YOChartImageKit.framework in Frameworks */,
			);
			runOnlyForDeploymentPostprocessing = 0;
		};
/* End PBXFrameworksBuildPhase section */

/* Begin PBXGroup section */
		A8154AB11B2A5917001B3024 /* YOChartImageKit (watchOS) */ = {
			isa = PBXGroup;
			children = (
				A8BEFF741B95AA750024C476 /* Info.plist */,
			);
			name = "YOChartImageKit (watchOS)";
			path = "Source/YOGraphImageKit (watchOS)";
			sourceTree = "<group>";
		};
		A81AB56D1B2B074000FE8B93 /* YOChartImageKit Demo App (watchOS) */ = {
			isa = PBXGroup;
			children = (
				A81AB56E1B2B074000FE8B93 /* Interface.storyboard */,
				A81AB5711B2B074000FE8B93 /* Assets.xcassets */,
				A81AB5731B2B074000FE8B93 /* Info.plist */,
			);
			name = "YOChartImageKit Demo App (watchOS)";
			path = "Example/YOGraphImageKit Demo App (watchOS)";
			sourceTree = SOURCE_ROOT;
		};
		A81AB57C1B2B074100FE8B93 /* YOChartImageKit Demo App (watchOS) Extension */ = {
			isa = PBXGroup;
			children = (
				A81AB57D1B2B074100FE8B93 /* BaseInterfaceController.swift */,
				A872CC1F1B328A750086554F /* SolidLineChartInterfaceController.swift */,
				A86251461B4534400036BC13 /* SmoothLineChartInterfaceController.swift */,
				A872CC211B328A900086554F /* VerticalBarChartInterfaceController.swift */,
				A8B509651B688E6700F596ED /* HorizontalBarChartInterfaceController.swift */,
				A872CC231B328A9F0086554F /* DonutChartInterfaceController.swift */,
				A81AB57F1B2B074100FE8B93 /* ExtensionDelegate.swift */,
				A81AB5811B2B074100FE8B93 /* Assets.xcassets */,
				A81AB5831B2B074100FE8B93 /* Info.plist */,
			);
			name = "YOChartImageKit Demo App (watchOS) Extension";
			path = "Example/YOGraphImageKit Demo App (watchOS) Extension";
			sourceTree = SOURCE_ROOT;
		};
		A862513F1B45327B0036BC13 /* YOChartImageKit Demo App */ = {
			isa = PBXGroup;
			children = (
				A86251431B4532C60036BC13 /* YOChart.swift */,
			);
			name = "YOChartImageKit Demo App";
			sourceTree = "<group>";
		};
		A87B33911B2BC3670025F6C5 /* Examples */ = {
			isa = PBXGroup;
			children = (
				A862513F1B45327B0036BC13 /* YOChartImageKit Demo App */,
				A8D9D61E1B28703400E4BCEC /* YOChartImageKit Demo App (iOS) */,
				A81AB56D1B2B074000FE8B93 /* YOChartImageKit Demo App (watchOS) */,
				A81AB57C1B2B074100FE8B93 /* YOChartImageKit Demo App (watchOS) Extension */,
			);
			name = Examples;
			sourceTree = "<group>";
		};
		A87B33921B2BC38E0025F6C5 /* YOChartImageKit */ = {
			isa = PBXGroup;
			children = (
				A8C0FF511B2982F700BA4E81 /* YOChartImageKit (Common) */,
				A8C876941B2AAA050092E5FF /* YOChartImageKit (iOS) */,
				A8154AB11B2A5917001B3024 /* YOChartImageKit (watchOS) */,
			);
			name = YOChartImageKit;
			sourceTree = "<group>";
		};
		A8C0FF511B2982F700BA4E81 /* YOChartImageKit (Common) */ = {
			isa = PBXGroup;
			children = (
				A851576B1B99CF0600CA58EF /* YOChartImageKit.h */,
				A8C0FF781B29A02C00BA4E81 /* YOLineChartImage.h */,
				A8C0FF791B29A02C00BA4E81 /* YOLineChartImage.m */,
				A8C0FF731B29888E00BA4E81 /* YOBarChartImage.h */,
				A8C0FF741B29888E00BA4E81 /* YOBarChartImage.m */,
				A8C0FF6E1B29831E00BA4E81 /* YODonutChartImage.h */,
				A8C0FF6F1B29831E00BA4E81 /* YODonutChartImage.m */,
			);
			name = "YOChartImageKit (Common)";
			path = Source/YOChartImageKit;
			sourceTree = "<group>";
		};
		A8C876941B2AAA050092E5FF /* YOChartImageKit (iOS) */ = {
			isa = PBXGroup;
			children = (
				A8BEFF731B95AA6D0024C476 /* Info.plist */,
			);
			name = "YOChartImageKit (iOS)";
			path = "Source/YOGraphImageKit (iOS)";
			sourceTree = "<group>";
		};
		A8D9D6131B28703300E4BCEC = {
			isa = PBXGroup;
			children = (
				A87B33911B2BC3670025F6C5 /* Examples */,
				A87B33921B2BC38E0025F6C5 /* YOChartImageKit */,
				A8D9D61D1B28703400E4BCEC /* Products */,
			);
			sourceTree = "<group>";
		};
		A8D9D61D1B28703400E4BCEC /* Products */ = {
			isa = PBXGroup;
			children = (
				A8D9D61C1B28703400E4BCEC /* YOChartImageKit Demo.app */,
				A8154AB01B2A5917001B3024 /* YOChartImageKit.framework */,
				A8C876931B2AAA050092E5FF /* YOChartImageKit.framework */,
				A81AB56C1B2B074000FE8B93 /* YOChartImageKit Demo.app */,
				A81AB5781B2B074100FE8B93 /* YOChartImageKit Demo.appex */,
			);
			name = Products;
			sourceTree = "<group>";
		};
		A8D9D61E1B28703400E4BCEC /* YOChartImageKit Demo App (iOS) */ = {
			isa = PBXGroup;
			children = (
				A8D9D61F1B28703400E4BCEC /* AppDelegate.swift */,
				A8D9D6211B28703400E4BCEC /* ViewController.swift */,
				A872CC251B328EFA0086554F /* ChartImageViewController.swift */,
				A8D9D6231B28703400E4BCEC /* Main.storyboard */,
				A8D9D6261B28703400E4BCEC /* Assets.xcassets */,
				A8D9D6281B28703400E4BCEC /* LaunchScreen.storyboard */,
				A8D9D62B1B28703400E4BCEC /* Info.plist */,
			);
			name = "YOChartImageKit Demo App (iOS)";
			path = "Example/YOGraphImageKit Demo App (iOS)";
			sourceTree = "<group>";
		};
/* End PBXGroup section */

/* Begin PBXHeadersBuildPhase section */
		A8154AAD1B2A5917001B3024 /* Headers */ = {
			isa = PBXHeadersBuildPhase;
			buildActionMask = 2147483647;
			files = (
				A836D41A1BB244ED00169EC7 /* YOChartImageKit.h in Headers */,
				A8154ABC1B2A594B001B3024 /* YOLineChartImage.h in Headers */,
				A8154AB81B2A594B001B3024 /* YODonutChartImage.h in Headers */,
				A8154ABA1B2A594B001B3024 /* YOBarChartImage.h in Headers */,
			);
			runOnlyForDeploymentPostprocessing = 0;
		};
		A8C876901B2AAA050092E5FF /* Headers */ = {
			isa = PBXHeadersBuildPhase;
			buildActionMask = 2147483647;
			files = (
				A851576C1B99CF0600CA58EF /* YOChartImageKit.h in Headers */,
				A8C876B41B2AAA5F0092E5FF /* YOLineChartImage.h in Headers */,
				A8C876B21B2AAA5F0092E5FF /* YOBarChartImage.h in Headers */,
				A8C876B01B2AAA5F0092E5FF /* YODonutChartImage.h in Headers */,
			);
			runOnlyForDeploymentPostprocessing = 0;
		};
/* End PBXHeadersBuildPhase section */

/* Begin PBXNativeTarget section */
		A8154AAF1B2A5917001B3024 /* YOChartImageKit (watchOS) */ = {
			isa = PBXNativeTarget;
			buildConfigurationList = A8154AB51B2A5917001B3024 /* Build configuration list for PBXNativeTarget "YOChartImageKit (watchOS)" */;
			buildPhases = (
				A8154AAB1B2A5917001B3024 /* Sources */,
				A8154AAC1B2A5917001B3024 /* Frameworks */,
				A8154AAD1B2A5917001B3024 /* Headers */,
				A8154AAE1B2A5917001B3024 /* Resources */,
			);
			buildRules = (
			);
			dependencies = (
			);
			name = "YOChartImageKit (watchOS)";
			productName = "YOGraphImageKit (watchOS)";
			productReference = A8154AB01B2A5917001B3024 /* YOChartImageKit.framework */;
			productType = "com.apple.product-type.framework";
		};
		A81AB56B1B2B074000FE8B93 /* YOChartImageKit Demo App (watchOS) */ = {
			isa = PBXNativeTarget;
			buildConfigurationList = A81AB58B1B2B074100FE8B93 /* Build configuration list for PBXNativeTarget "YOChartImageKit Demo App (watchOS)" */;
			buildPhases = (
				A81AB56A1B2B074000FE8B93 /* Resources */,
				A81AB58A1B2B074100FE8B93 /* Embed App Extensions */,
			);
			buildRules = (
			);
			dependencies = (
				A81AB57B1B2B074100FE8B93 /* PBXTargetDependency */,
			);
			name = "YOChartImageKit Demo App (watchOS)";
			productName = "YOGraphImageKit Demo App (watchOS)";
			productReference = A81AB56C1B2B074000FE8B93 /* YOChartImageKit Demo.app */;
			productType = "com.apple.product-type.application.watchapp2";
		};
		A81AB5771B2B074100FE8B93 /* YOChartImageKit Demo App (watchOS) Extension */ = {
			isa = PBXNativeTarget;
			buildConfigurationList = A81AB5871B2B074100FE8B93 /* Build configuration list for PBXNativeTarget "YOChartImageKit Demo App (watchOS) Extension" */;
			buildPhases = (
				A81AB5741B2B074100FE8B93 /* Sources */,
				A81AB5751B2B074100FE8B93 /* Frameworks */,
				A81AB5761B2B074100FE8B93 /* Resources */,
				A8D2BA431B32B2F700BE1175 /* Embed Frameworks */,
			);
			buildRules = (
			);
			dependencies = (
				A8D2BA421B32B2F700BE1175 /* PBXTargetDependency */,
			);
			name = "YOChartImageKit Demo App (watchOS) Extension";
			productName = "YOGraphImageKit Demo App (watchOS) Extension";
			productReference = A81AB5781B2B074100FE8B93 /* YOChartImageKit Demo.appex */;
			productType = "com.apple.product-type.watchkit2-extension";
		};
		A8C876921B2AAA050092E5FF /* YOChartImageKit (iOS) */ = {
			isa = PBXNativeTarget;
			buildConfigurationList = A8C876AA1B2AAA060092E5FF /* Build configuration list for PBXNativeTarget "YOChartImageKit (iOS)" */;
			buildPhases = (
				A8C8768E1B2AAA050092E5FF /* Sources */,
				A8C8768F1B2AAA050092E5FF /* Frameworks */,
				A8C876901B2AAA050092E5FF /* Headers */,
				A8C876911B2AAA050092E5FF /* Resources */,
			);
			buildRules = (
			);
			dependencies = (
			);
			name = "YOChartImageKit (iOS)";
			productName = "YOGraphImageKit (iOS)";
			productReference = A8C876931B2AAA050092E5FF /* YOChartImageKit.framework */;
			productType = "com.apple.product-type.framework";
		};
		A8D9D61B1B28703400E4BCEC /* YOChartImageKit Demo App (iOS) */ = {
			isa = PBXNativeTarget;
			buildConfigurationList = A8D9D6441B28703400E4BCEC /* Build configuration list for PBXNativeTarget "YOChartImageKit Demo App (iOS)" */;
			buildPhases = (
				A8D9D6181B28703400E4BCEC /* Sources */,
				A8D9D6191B28703400E4BCEC /* Frameworks */,
				A8D9D61A1B28703400E4BCEC /* Resources */,
				A8C0FFB61B29B34300BA4E81 /* Embed Watch Content */,
				A8C876BF1B2AAA930092E5FF /* Embed Frameworks */,
			);
			buildRules = (
			);
			dependencies = (
				A8C876BE1B2AAA930092E5FF /* PBXTargetDependency */,
				A81AB5851B2B074100FE8B93 /* PBXTargetDependency */,
			);
			name = "YOChartImageKit Demo App (iOS)";
			productName = "YOGraphImageKit Demo App";
			productReference = A8D9D61C1B28703400E4BCEC /* YOChartImageKit Demo.app */;
			productType = "com.apple.product-type.application";
		};
/* End PBXNativeTarget section */

/* Begin PBXProject section */
		A8D9D6141B28703300E4BCEC /* Project object */ = {
			isa = PBXProject;
			attributes = {
				LastSwiftUpdateCheck = 0710;
				LastUpgradeCheck = 0800;
				ORGANIZATIONNAME = yasuoza.com;
				TargetAttributes = {
					A8154AAF1B2A5917001B3024 = {
						CreatedOnToolsVersion = 7.0;
					};
					A81AB56B1B2B074000FE8B93 = {
						CreatedOnToolsVersion = 7.0;
					};
					A81AB5771B2B074100FE8B93 = {
						CreatedOnToolsVersion = 7.0;
						LastSwiftMigration = 0800;
					};
					A8C876921B2AAA050092E5FF = {
						CreatedOnToolsVersion = 7.0;
					};
					A8D9D61B1B28703400E4BCEC = {
						CreatedOnToolsVersion = 7.0;
						LastSwiftMigration = 0800;
					};
				};
			};
			buildConfigurationList = A8D9D6171B28703300E4BCEC /* Build configuration list for PBXProject "YOChartImageKit" */;
			compatibilityVersion = "Xcode 3.2";
			developmentRegion = English;
			hasScannedForEncodings = 0;
			knownRegions = (
				en,
				Base,
			);
			mainGroup = A8D9D6131B28703300E4BCEC;
			productRefGroup = A8D9D61D1B28703400E4BCEC /* Products */;
			projectDirPath = "";
			projectRoot = "";
			targets = (
				A8D9D61B1B28703400E4BCEC /* YOChartImageKit Demo App (iOS) */,
				A8C876921B2AAA050092E5FF /* YOChartImageKit (iOS) */,
				A81AB56B1B2B074000FE8B93 /* YOChartImageKit Demo App (watchOS) */,
				A81AB5771B2B074100FE8B93 /* YOChartImageKit Demo App (watchOS) Extension */,
				A8154AAF1B2A5917001B3024 /* YOChartImageKit (watchOS) */,
			);
		};
/* End PBXProject section */

/* Begin PBXResourcesBuildPhase section */
		A8154AAE1B2A5917001B3024 /* Resources */ = {
			isa = PBXResourcesBuildPhase;
			buildActionMask = 2147483647;
			files = (
			);
			runOnlyForDeploymentPostprocessing = 0;
		};
		A81AB56A1B2B074000FE8B93 /* Resources */ = {
			isa = PBXResourcesBuildPhase;
			buildActionMask = 2147483647;
			files = (
				A81AB5721B2B074000FE8B93 /* Assets.xcassets in Resources */,
				A81AB5701B2B074000FE8B93 /* Interface.storyboard in Resources */,
			);
			runOnlyForDeploymentPostprocessing = 0;
		};
		A81AB5761B2B074100FE8B93 /* Resources */ = {
			isa = PBXResourcesBuildPhase;
			buildActionMask = 2147483647;
			files = (
				A81AB5821B2B074100FE8B93 /* Assets.xcassets in Resources */,
			);
			runOnlyForDeploymentPostprocessing = 0;
		};
		A8C876911B2AAA050092E5FF /* Resources */ = {
			isa = PBXResourcesBuildPhase;
			buildActionMask = 2147483647;
			files = (
			);
			runOnlyForDeploymentPostprocessing = 0;
		};
		A8D9D61A1B28703400E4BCEC /* Resources */ = {
			isa = PBXResourcesBuildPhase;
			buildActionMask = 2147483647;
			files = (
				A8D9D62A1B28703400E4BCEC /* LaunchScreen.storyboard in Resources */,
				A8D9D6271B28703400E4BCEC /* Assets.xcassets in Resources */,
				A8D9D6251B28703400E4BCEC /* Main.storyboard in Resources */,
			);
			runOnlyForDeploymentPostprocessing = 0;
		};
/* End PBXResourcesBuildPhase section */

/* Begin PBXSourcesBuildPhase section */
		A8154AAB1B2A5917001B3024 /* Sources */ = {
			isa = PBXSourcesBuildPhase;
			buildActionMask = 2147483647;
			files = (
				A8154ABB1B2A594B001B3024 /* YOBarChartImage.m in Sources */,
				A8154ABD1B2A594B001B3024 /* YOLineChartImage.m in Sources */,
				A8154AB91B2A594B001B3024 /* YODonutChartImage.m in Sources */,
			);
			runOnlyForDeploymentPostprocessing = 0;
		};
		A81AB5741B2B074100FE8B93 /* Sources */ = {
			isa = PBXSourcesBuildPhase;
			buildActionMask = 2147483647;
			files = (
				A86251471B4534400036BC13 /* SmoothLineChartInterfaceController.swift in Sources */,
				A872CC221B328A900086554F /* VerticalBarChartInterfaceController.swift in Sources */,
				A86251451B4532C60036BC13 /* YOChart.swift in Sources */,
				A872CC241B328A9F0086554F /* DonutChartInterfaceController.swift in Sources */,
				A8B509661B688E6700F596ED /* HorizontalBarChartInterfaceController.swift in Sources */,
				A81AB5801B2B074100FE8B93 /* ExtensionDelegate.swift in Sources */,
				A81AB57E1B2B074100FE8B93 /* BaseInterfaceController.swift in Sources */,
				A872CC201B328A750086554F /* SolidLineChartInterfaceController.swift in Sources */,
			);
			runOnlyForDeploymentPostprocessing = 0;
		};
		A8C8768E1B2AAA050092E5FF /* Sources */ = {
			isa = PBXSourcesBuildPhase;
			buildActionMask = 2147483647;
			files = (
				A8C876B11B2AAA5F0092E5FF /* YODonutChartImage.m in Sources */,
				A8C876B51B2AAA5F0092E5FF /* YOLineChartImage.m in Sources */,
				A8C876B31B2AAA5F0092E5FF /* YOBarChartImage.m in Sources */,
			);
			runOnlyForDeploymentPostprocessing = 0;
		};
		A8D9D6181B28703400E4BCEC /* Sources */ = {
			isa = PBXSourcesBuildPhase;
			buildActionMask = 2147483647;
			files = (
				A86251441B4532C60036BC13 /* YOChart.swift in Sources */,
				A8D9D6221B28703400E4BCEC /* ViewController.swift in Sources */,
				A872CC261B328EFA0086554F /* ChartImageViewController.swift in Sources */,
				A8D9D6201B28703400E4BCEC /* AppDelegate.swift in Sources */,
			);
			runOnlyForDeploymentPostprocessing = 0;
		};
/* End PBXSourcesBuildPhase section */

/* Begin PBXTargetDependency section */
		A81AB57B1B2B074100FE8B93 /* PBXTargetDependency */ = {
			isa = PBXTargetDependency;
			target = A81AB5771B2B074100FE8B93 /* YOChartImageKit Demo App (watchOS) Extension */;
			targetProxy = A81AB57A1B2B074100FE8B93 /* PBXContainerItemProxy */;
		};
		A81AB5851B2B074100FE8B93 /* PBXTargetDependency */ = {
			isa = PBXTargetDependency;
			target = A81AB56B1B2B074000FE8B93 /* YOChartImageKit Demo App (watchOS) */;
			targetProxy = A81AB5841B2B074100FE8B93 /* PBXContainerItemProxy */;
		};
		A8C876BE1B2AAA930092E5FF /* PBXTargetDependency */ = {
			isa = PBXTargetDependency;
			target = A8C876921B2AAA050092E5FF /* YOChartImageKit (iOS) */;
			targetProxy = A8C876BD1B2AAA930092E5FF /* PBXContainerItemProxy */;
		};
		A8D2BA421B32B2F700BE1175 /* PBXTargetDependency */ = {
			isa = PBXTargetDependency;
			target = A8154AAF1B2A5917001B3024 /* YOChartImageKit (watchOS) */;
			targetProxy = A8D2BA411B32B2F700BE1175 /* PBXContainerItemProxy */;
		};
/* End PBXTargetDependency section */

/* Begin PBXVariantGroup section */
		A81AB56E1B2B074000FE8B93 /* Interface.storyboard */ = {
			isa = PBXVariantGroup;
			children = (
				A81AB56F1B2B074000FE8B93 /* Base */,
			);
			name = Interface.storyboard;
			sourceTree = "<group>";
		};
		A8D9D6231B28703400E4BCEC /* Main.storyboard */ = {
			isa = PBXVariantGroup;
			children = (
				A8D9D6241B28703400E4BCEC /* Base */,
			);
			name = Main.storyboard;
			sourceTree = "<group>";
		};
		A8D9D6281B28703400E4BCEC /* LaunchScreen.storyboard */ = {
			isa = PBXVariantGroup;
			children = (
				A8D9D6291B28703400E4BCEC /* Base */,
			);
			name = LaunchScreen.storyboard;
			sourceTree = "<group>";
		};
/* End PBXVariantGroup section */

/* Begin XCBuildConfiguration section */
		A8154AB61B2A5917001B3024 /* Debug */ = {
			isa = XCBuildConfiguration;
			buildSettings = {
				APPLICATION_EXTENSION_API_ONLY = YES;
				BITCODE_GENERATION_MODE = marker;
				CURRENT_PROJECT_VERSION = 1;
				DEFINES_MODULE = YES;
				DYLIB_COMPATIBILITY_VERSION = 1;
				DYLIB_CURRENT_VERSION = 1;
				DYLIB_INSTALL_NAME_BASE = "@rpath";
				INFOPLIST_FILE = "Source/YOChartImageKit (watchOS)/Info.plist";
				INSTALL_PATH = "$(LOCAL_LIBRARY_DIR)/Frameworks";
				LD_RUNPATH_SEARCH_PATHS = "$(inherited) @executable_path/Frameworks @loader_path/Frameworks";
				PRODUCT_BUNDLE_IDENTIFIER = com.yasuoza.watchosframework.YOChartImageKit;
				PRODUCT_NAME = YOChartImageKit;
				SDKROOT = watchos;
				SKIP_INSTALL = YES;
				TARGETED_DEVICE_FAMILY = 4;
				VERSIONING_SYSTEM = "apple-generic";
				VERSION_INFO_PREFIX = "";
				WATCHOS_DEPLOYMENT_TARGET = 2.0;
			};
			name = Debug;
		};
		A8154AB71B2A5917001B3024 /* Release */ = {
			isa = XCBuildConfiguration;
			buildSettings = {
				APPLICATION_EXTENSION_API_ONLY = YES;
				BITCODE_GENERATION_MODE = bitcode;
				CURRENT_PROJECT_VERSION = 1;
				DEFINES_MODULE = YES;
				DYLIB_COMPATIBILITY_VERSION = 1;
				DYLIB_CURRENT_VERSION = 1;
				DYLIB_INSTALL_NAME_BASE = "@rpath";
				INFOPLIST_FILE = "Source/YOChartImageKit (watchOS)/Info.plist";
				INSTALL_PATH = "$(LOCAL_LIBRARY_DIR)/Frameworks";
				LD_RUNPATH_SEARCH_PATHS = "$(inherited) @executable_path/Frameworks @loader_path/Frameworks";
				PRODUCT_BUNDLE_IDENTIFIER = com.yasuoza.watchosframework.YOChartImageKit;
				PRODUCT_NAME = YOChartImageKit;
				SDKROOT = watchos;
				SKIP_INSTALL = YES;
				TARGETED_DEVICE_FAMILY = 4;
				VERSIONING_SYSTEM = "apple-generic";
				VERSION_INFO_PREFIX = "";
				WATCHOS_DEPLOYMENT_TARGET = 2.0;
			};
			name = Release;
		};
		A81AB5881B2B074100FE8B93 /* Debug */ = {
			isa = XCBuildConfiguration;
			buildSettings = {
				ALWAYS_EMBED_SWIFT_STANDARD_LIBRARIES = YES;
				"CODE_SIGN_IDENTITY[sdk=watchos*]" = "iPhone Developer";
				INFOPLIST_FILE = "Example/YOGraphImageKit Demo App (watchOS) Extension/Info.plist";
				LD_RUNPATH_SEARCH_PATHS = "$(inherited) @executable_path/Frameworks @executable_path/../../Frameworks";
				PRODUCT_BUNDLE_IDENTIFIER = com.yasuoza.demo.yochartimagekit.watchkitapp.watchkitextension;
				PRODUCT_NAME = "YOChartImageKit Demo";
				SDKROOT = watchos;
				SKIP_INSTALL = YES;
				SWIFT_VERSION = 2.3;
				TARGETED_DEVICE_FAMILY = 4;
				WATCHOS_DEPLOYMENT_TARGET = 2.0;
			};
			name = Debug;
		};
		A81AB5891B2B074100FE8B93 /* Release */ = {
			isa = XCBuildConfiguration;
			buildSettings = {
				ALWAYS_EMBED_SWIFT_STANDARD_LIBRARIES = YES;
				"CODE_SIGN_IDENTITY[sdk=watchos*]" = "iPhone Developer";
				INFOPLIST_FILE = "Example/YOGraphImageKit Demo App (watchOS) Extension/Info.plist";
				LD_RUNPATH_SEARCH_PATHS = "$(inherited) @executable_path/Frameworks @executable_path/../../Frameworks";
				PRODUCT_BUNDLE_IDENTIFIER = com.yasuoza.demo.yochartimagekit.watchkitapp.watchkitextension;
				PRODUCT_NAME = "YOChartImageKit Demo";
				SDKROOT = watchos;
				SKIP_INSTALL = YES;
				SWIFT_OPTIMIZATION_LEVEL = "-Owholemodule";
				SWIFT_VERSION = 2.3;
				TARGETED_DEVICE_FAMILY = 4;
				WATCHOS_DEPLOYMENT_TARGET = 2.0;
			};
			name = Release;
		};
		A81AB58C1B2B074100FE8B93 /* Debug */ = {
			isa = XCBuildConfiguration;
			buildSettings = {
				ALWAYS_EMBED_SWIFT_STANDARD_LIBRARIES = YES;
				ASSETCATALOG_COMPILER_APPICON_NAME = AppIcon;
				"CODE_SIGN_IDENTITY[sdk=watchos*]" = "iPhone Developer";
				IBSC_MODULE = YOChartImageKit_Demo_App__watchOS__Extension;
				INFOPLIST_FILE = "Example/YOGraphImageKit Demo App (watchOS)/Info.plist";
				PRODUCT_BUNDLE_IDENTIFIER = com.yasuoza.demo.yochartimagekit.watchkitapp;
				PRODUCT_NAME = "YOChartImageKit Demo";
				SDKROOT = watchos;
				SKIP_INSTALL = YES;
				TARGETED_DEVICE_FAMILY = 4;
				WATCHOS_DEPLOYMENT_TARGET = 2.0;
			};
			name = Debug;
		};
		A81AB58D1B2B074100FE8B93 /* Release */ = {
			isa = XCBuildConfiguration;
			buildSettings = {
				ALWAYS_EMBED_SWIFT_STANDARD_LIBRARIES = YES;
				ASSETCATALOG_COMPILER_APPICON_NAME = AppIcon;
				"CODE_SIGN_IDENTITY[sdk=watchos*]" = "iPhone Developer";
				IBSC_MODULE = YOChartImageKit_Demo_App__watchOS__Extension;
				INFOPLIST_FILE = "Example/YOGraphImageKit Demo App (watchOS)/Info.plist";
				PRODUCT_BUNDLE_IDENTIFIER = com.yasuoza.demo.yochartimagekit.watchkitapp;
				PRODUCT_NAME = "YOChartImageKit Demo";
				SDKROOT = watchos;
				SKIP_INSTALL = YES;
				TARGETED_DEVICE_FAMILY = 4;
				WATCHOS_DEPLOYMENT_TARGET = 2.0;
			};
			name = Release;
		};
		A8C876AB1B2AAA060092E5FF /* Debug */ = {
			isa = XCBuildConfiguration;
			buildSettings = {
				APPLICATION_EXTENSION_API_ONLY = YES;
				BITCODE_GENERATION_MODE = marker;
				CURRENT_PROJECT_VERSION = 1;
				DEFINES_MODULE = YES;
				DYLIB_COMPATIBILITY_VERSION = 1;
				DYLIB_CURRENT_VERSION = 1;
				DYLIB_INSTALL_NAME_BASE = "@rpath";
				INFOPLIST_FILE = "Source/YOChartImageKit (iOS)/Info.plist";
				INSTALL_PATH = "$(LOCAL_LIBRARY_DIR)/Frameworks";
				IPHONEOS_DEPLOYMENT_TARGET = 8.0;
				LD_RUNPATH_SEARCH_PATHS = "$(inherited) @executable_path/Frameworks @loader_path/Frameworks";
				PRODUCT_BUNDLE_IDENTIFIER = com.yasuoza.iosframework.YOChartImageKit;
				PRODUCT_NAME = YOChartImageKit;
				SKIP_INSTALL = YES;
				TARGETED_DEVICE_FAMILY = "1,2";
				VERSIONING_SYSTEM = "apple-generic";
				VERSION_INFO_PREFIX = "";
			};
			name = Debug;
		};
		A8C876AC1B2AAA060092E5FF /* Release */ = {
			isa = XCBuildConfiguration;
			buildSettings = {
				APPLICATION_EXTENSION_API_ONLY = YES;
				BITCODE_GENERATION_MODE = bitcode;
				CURRENT_PROJECT_VERSION = 1;
				DEFINES_MODULE = YES;
				DYLIB_COMPATIBILITY_VERSION = 1;
				DYLIB_CURRENT_VERSION = 1;
				DYLIB_INSTALL_NAME_BASE = "@rpath";
				INFOPLIST_FILE = "Source/YOChartImageKit (iOS)/Info.plist";
				INSTALL_PATH = "$(LOCAL_LIBRARY_DIR)/Frameworks";
				IPHONEOS_DEPLOYMENT_TARGET = 8.0;
				LD_RUNPATH_SEARCH_PATHS = "$(inherited) @executable_path/Frameworks @loader_path/Frameworks";
				PRODUCT_BUNDLE_IDENTIFIER = com.yasuoza.iosframework.YOChartImageKit;
				PRODUCT_NAME = YOChartImageKit;
				SKIP_INSTALL = YES;
				TARGETED_DEVICE_FAMILY = "1,2";
				VERSIONING_SYSTEM = "apple-generic";
				VERSION_INFO_PREFIX = "";
			};
			name = Release;
		};
		A8D9D6421B28703400E4BCEC /* Debug */ = {
			isa = XCBuildConfiguration;
			buildSettings = {
				ALWAYS_SEARCH_USER_PATHS = NO;
				CLANG_CXX_LANGUAGE_STANDARD = "gnu++0x";
				CLANG_CXX_LIBRARY = "libc++";
				CLANG_ENABLE_MODULES = YES;
				CLANG_ENABLE_OBJC_ARC = YES;
				CLANG_WARN_BOOL_CONVERSION = YES;
				CLANG_WARN_CONSTANT_CONVERSION = YES;
				CLANG_WARN_DIRECT_OBJC_ISA_USAGE = YES_ERROR;
				CLANG_WARN_EMPTY_BODY = YES;
				CLANG_WARN_ENUM_CONVERSION = YES;
				CLANG_WARN_INT_CONVERSION = YES;
				CLANG_WARN_OBJC_ROOT_CLASS = YES_ERROR;
				CLANG_WARN_UNREACHABLE_CODE = YES;
				CLANG_WARN__DUPLICATE_METHOD_MATCH = YES;
				"CODE_SIGN_IDENTITY[sdk=iphoneos*]" = "iPhone Developer";
				COPY_PHASE_STRIP = NO;
				DEBUG_INFORMATION_FORMAT = dwarf;
				ENABLE_STRICT_OBJC_MSGSEND = YES;
				ENABLE_TESTABILITY = YES;
				GCC_C_LANGUAGE_STANDARD = gnu99;
				GCC_DYNAMIC_NO_PIC = NO;
				GCC_NO_COMMON_BLOCKS = YES;
				GCC_OPTIMIZATION_LEVEL = 0;
				GCC_PREPROCESSOR_DEFINITIONS = (
					"DEBUG=1",
					"$(inherited)",
				);
				GCC_WARN_64_TO_32_BIT_CONVERSION = YES;
				GCC_WARN_ABOUT_RETURN_TYPE = YES_ERROR;
				GCC_WARN_UNDECLARED_SELECTOR = YES;
				GCC_WARN_UNINITIALIZED_AUTOS = YES_AGGRESSIVE;
				GCC_WARN_UNUSED_FUNCTION = YES;
				GCC_WARN_UNUSED_VARIABLE = YES;
				IPHONEOS_DEPLOYMENT_TARGET = 10.0;
				MTL_ENABLE_DEBUG_INFO = YES;
				ONLY_ACTIVE_ARCH = YES;
				SDKROOT = iphoneos;
				SWIFT_OPTIMIZATION_LEVEL = "-Onone";
			};
			name = Debug;
		};
		A8D9D6431B28703400E4BCEC /* Release */ = {
			isa = XCBuildConfiguration;
			buildSettings = {
				ALWAYS_SEARCH_USER_PATHS = NO;
				CLANG_CXX_LANGUAGE_STANDARD = "gnu++0x";
				CLANG_CXX_LIBRARY = "libc++";
				CLANG_ENABLE_MODULES = YES;
				CLANG_ENABLE_OBJC_ARC = YES;
				CLANG_WARN_BOOL_CONVERSION = YES;
				CLANG_WARN_CONSTANT_CONVERSION = YES;
				CLANG_WARN_DIRECT_OBJC_ISA_USAGE = YES_ERROR;
				CLANG_WARN_EMPTY_BODY = YES;
				CLANG_WARN_ENUM_CONVERSION = YES;
				CLANG_WARN_INT_CONVERSION = YES;
				CLANG_WARN_OBJC_ROOT_CLASS = YES_ERROR;
				CLANG_WARN_UNREACHABLE_CODE = YES;
				CLANG_WARN__DUPLICATE_METHOD_MATCH = YES;
				"CODE_SIGN_IDENTITY[sdk=iphoneos*]" = "iPhone Developer";
				COPY_PHASE_STRIP = NO;
				DEBUG_INFORMATION_FORMAT = "dwarf-with-dsym";
				ENABLE_NS_ASSERTIONS = NO;
				ENABLE_STRICT_OBJC_MSGSEND = YES;
				GCC_C_LANGUAGE_STANDARD = gnu99;
				GCC_NO_COMMON_BLOCKS = YES;
				GCC_WARN_64_TO_32_BIT_CONVERSION = YES;
				GCC_WARN_ABOUT_RETURN_TYPE = YES_ERROR;
				GCC_WARN_UNDECLARED_SELECTOR = YES;
				GCC_WARN_UNINITIALIZED_AUTOS = YES_AGGRESSIVE;
				GCC_WARN_UNUSED_FUNCTION = YES;
				GCC_WARN_UNUSED_VARIABLE = YES;
				IPHONEOS_DEPLOYMENT_TARGET = 10.0;
				MTL_ENABLE_DEBUG_INFO = NO;
				SDKROOT = iphoneos;
				VALIDATE_PRODUCT = YES;
			};
			name = Release;
		};
		A8D9D6451B28703400E4BCEC /* Debug */ = {
			isa = XCBuildConfiguration;
			buildSettings = {
				ASSETCATALOG_COMPILER_APPICON_NAME = AppIcon;
				INFOPLIST_FILE = "Example/YOGraphImageKit Demo App (iOS)/Info.plist";
				LD_RUNPATH_SEARCH_PATHS = "$(inherited) @executable_path/Frameworks";
				PRODUCT_BUNDLE_IDENTIFIER = com.yasuoza.demo.yochartimagekit;
				PRODUCT_NAME = "YOChartImageKit Demo";
				SWIFT_VERSION = 2.3;
			};
			name = Debug;
		};
		A8D9D6461B28703400E4BCEC /* Release */ = {
			isa = XCBuildConfiguration;
			buildSettings = {
				ASSETCATALOG_COMPILER_APPICON_NAME = AppIcon;
				INFOPLIST_FILE = "Example/YOGraphImageKit Demo App (iOS)/Info.plist";
				LD_RUNPATH_SEARCH_PATHS = "$(inherited) @executable_path/Frameworks";
				PRODUCT_BUNDLE_IDENTIFIER = com.yasuoza.demo.yochartimagekit;
				PRODUCT_NAME = "YOChartImageKit Demo";
				SWIFT_OPTIMIZATION_LEVEL = "-Owholemodule";
				SWIFT_VERSION = 2.3;
			};
			name = Release;
		};
/* End XCBuildConfiguration section */

/* Begin XCConfigurationList section */
		A8154AB51B2A5917001B3024 /* Build configuration list for PBXNativeTarget "YOChartImageKit (watchOS)" */ = {
			isa = XCConfigurationList;
			buildConfigurations = (
				A8154AB61B2A5917001B3024 /* Debug */,
				A8154AB71B2A5917001B3024 /* Release */,
			);
			defaultConfigurationIsVisible = 0;
			defaultConfigurationName = Release;
		};
		A81AB5871B2B074100FE8B93 /* Build configuration list for PBXNativeTarget "YOChartImageKit Demo App (watchOS) Extension" */ = {
			isa = XCConfigurationList;
			buildConfigurations = (
				A81AB5881B2B074100FE8B93 /* Debug */,
				A81AB5891B2B074100FE8B93 /* Release */,
			);
			defaultConfigurationIsVisible = 0;
			defaultConfigurationName = Release;
		};
		A81AB58B1B2B074100FE8B93 /* Build configuration list for PBXNativeTarget "YOChartImageKit Demo App (watchOS)" */ = {
			isa = XCConfigurationList;
			buildConfigurations = (
				A81AB58C1B2B074100FE8B93 /* Debug */,
				A81AB58D1B2B074100FE8B93 /* Release */,
			);
			defaultConfigurationIsVisible = 0;
			defaultConfigurationName = Release;
		};
		A8C876AA1B2AAA060092E5FF /* Build configuration list for PBXNativeTarget "YOChartImageKit (iOS)" */ = {
			isa = XCConfigurationList;
			buildConfigurations = (
				A8C876AB1B2AAA060092E5FF /* Debug */,
				A8C876AC1B2AAA060092E5FF /* Release */,
			);
			defaultConfigurationIsVisible = 0;
			defaultConfigurationName = Release;
		};
		A8D9D6171B28703300E4BCEC /* Build configuration list for PBXProject "YOChartImageKit" */ = {
			isa = XCConfigurationList;
			buildConfigurations = (
				A8D9D6421B28703400E4BCEC /* Debug */,
				A8D9D6431B28703400E4BCEC /* Release */,
			);
			defaultConfigurationIsVisible = 0;
			defaultConfigurationName = Release;
		};
		A8D9D6441B28703400E4BCEC /* Build configuration list for PBXNativeTarget "YOChartImageKit Demo App (iOS)" */ = {
			isa = XCConfigurationList;
			buildConfigurations = (
				A8D9D6451B28703400E4BCEC /* Debug */,
				A8D9D6461B28703400E4BCEC /* Release */,
			);
			defaultConfigurationIsVisible = 0;
			defaultConfigurationName = Release;
		};
/* End XCConfigurationList section */
	};
	rootObject = A8D9D6141B28703300E4BCEC /* Project object */;
}
